
Microsoft Visual Studio Solution File, Format Version 11.00
# Visual Studio 2010
Project("{FAE04EC0-301F-11D3-BF4B-00C04F79EFBC}") = "New Unity Projects1111", "Assembly-CSharp.csproj", "{A49C5127-F9BB-73F3-9369-D983F45C49F5}"
EndProject
Global
	GlobalSection(SolutionConfigurationPlatforms) = preSolution
		Debug|Any CPU = Debug|Any CPU
		Release|Any CPU = Release|Any CPU
	EndGlobalSection
	GlobalSection(ProjectConfigurationPlatforms) = postSolution
		{A49C5127-F9BB-73F3-9369-D983F45C49F5}.Debug|Any CPU.ActiveCfg = Debug|Any CPU
		{A49C5127-F9BB-73F3-9369-D983F45C49F5}.Debug|Any CPU.Build.0 = Debug|Any CPU
		{A49C5127-F9BB-73F3-9369-D983F45C49F5}.Release|Any CPU.ActiveCfg = Release|Any CPU
		{A49C5127-F9BB-73F3-9369-D983F45C49F5}.Release|Any CPU.Build.0 = Release|Any CPU
	EndGlobalSection
	GlobalSection(SolutionProperties) = preSolution
		HideSolutionNode = FALSE
	EndGlobalSection
	GlobalSection(MonoDevelopProperties) = preSolution
		StartupItem = Assembly-CSharp.csproj
	EndGlobalSection
EndGlobal
